
Microsoft Visual Studio Solution File, Format Version 12.00
Project("{FAE04EC0-301F-11D3-BF4B-00C04F79EFBC}") = "ClientDocGFS", "ClientDocGFS\ClientDocGFS.csproj", "{EA4422AE-2DC8-46F3-8239-80A9FDF7220F}"
EndProject
Project("{FAE04EC0-301F-11D3-BF4B-00C04F79EFBC}") = "ClientDocGFS.Data", "ClientDocGFS.Data\ClientDocGFS.Data.csproj", "{648068EE-AE21-4BE2-9180-5147AFBD5CC7}"
EndProject
Project("{FAE04EC0-301F-11D3-BF4B-00C04F79EFBC}") = "ClientDocGFS.Service", "ClientDocGFS.Service\ClientDocGFS.Service.csproj", "{5863FE2D-0EB0-4F2F-ADFF-39B5C4B990A3}"
EndProject
Project("{FAE04EC0-301F-11D3-BF4B-00C04F79EFBC}") = "ClientDocGFS.Shared", "ClientDocGFS.Shared\ClientDocGFS.Shared.csproj", "{9E46F3AC-C3F7-4D0C-BEDE-4066031D0598}"
EndProject
Project("{FAE04EC0-301F-11D3-BF4B-00C04F79EFBC}") = "ClientDocGFS.Domain", "ClientDocGFS.Domain\ClientDocGFS.Domain.csproj", "{1DBF6813-9181-43B6-BAE4-45EA3A34E584}"
EndProject
Global
	GlobalSection(SolutionConfigurationPlatforms) = preSolution
		Debug|Any CPU = Debug|Any CPU
		Release|Any CPU = Release|Any CPU
	EndGlobalSection
	GlobalSection(ProjectConfigurationPlatforms) = postSolution
		{EA4422AE-2DC8-46F3-8239-80A9FDF7220F}.Debug|Any CPU.ActiveCfg = Debug|Any CPU
		{EA4422AE-2DC8-46F3-8239-80A9FDF7220F}.Debug|Any CPU.Build.0 = Debug|Any CPU
		{EA4422AE-2DC8-46F3-8239-80A9FDF7220F}.Release|Any CPU.ActiveCfg = Release|Any CPU
		{EA4422AE-2DC8-46F3-8239-80A9FDF7220F}.Release|Any CPU.Build.0 = Release|Any CPU
		{648068EE-AE21-4BE2-9180-5147AFBD5CC7}.Debug|Any CPU.ActiveCfg = Debug|Any CPU
		{648068EE-AE21-4BE2-9180-5147AFBD5CC7}.Debug|Any CPU.Build.0 = Debug|Any CPU
		{648068EE-AE21-4BE2-9180-5147AFBD5CC7}.Release|Any CPU.ActiveCfg = Release|Any CPU
		{648068EE-AE21-4BE2-9180-5147AFBD5CC7}.Release|Any CPU.Build.0 = Release|Any CPU
		{5863FE2D-0EB0-4F2F-ADFF-39B5C4B990A3}.Debug|Any CPU.ActiveCfg = Debug|Any CPU
		{5863FE2D-0EB0-4F2F-ADFF-39B5C4B990A3}.Debug|Any CPU.Build.0 = Debug|Any CPU
		{5863FE2D-0EB0-4F2F-ADFF-39B5C4B990A3}.Release|Any CPU.ActiveCfg = Release|Any CPU
		{5863FE2D-0EB0-4F2F-ADFF-39B5C4B990A3}.Release|Any CPU.Build.0 = Release|Any CPU
		{9E46F3AC-C3F7-4D0C-BEDE-4066031D0598}.Debug|Any CPU.ActiveCfg = Debug|Any CPU
		{9E46F3AC-C3F7-4D0C-BEDE-4066031D0598}.Debug|Any CPU.Build.0 = Debug|Any CPU
		{9E46F3AC-C3F7-4D0C-BEDE-4066031D0598}.Release|Any CPU.ActiveCfg = Release|Any CPU
		{9E46F3AC-C3F7-4D0C-BEDE-4066031D0598}.Release|Any CPU.Build.0 = Release|Any CPU
		{1DBF6813-9181-43B6-BAE4-45EA3A34E584}.Debug|Any CPU.ActiveCfg = Debug|Any CPU
		{1DBF6813-9181-43B6-BAE4-45EA3A34E584}.Debug|Any CPU.Build.0 = Debug|Any CPU
		{1DBF6813-9181-43B6-BAE4-45EA3A34E584}.Release|Any CPU.ActiveCfg = Release|Any CPU
		{1DBF6813-9181-43B6-BAE4-45EA3A34E584}.Release|Any CPU.Build.0 = Release|Any CPU
	EndGlobalSection
EndGlobal
