
Microsoft Visual Studio Solution File, Format Version 12.00
Project("{FAE04EC0-301F-11D3-BF4B-00C04F79EFBC}") = "ClientDocGFS", "ClientDocGFS\ClientDocGFS.csproj", "{EA4422AE-2DC8-46F3-8239-80A9FDF7220F}"
EndProject
Global
	GlobalSection(SolutionConfigurationPlatforms) = preSolution
		Debug|Any CPU = Debug|Any CPU
		Release|Any CPU = Release|Any CPU
	EndGlobalSection
	GlobalSection(ProjectConfigurationPlatforms) = postSolution
		{EA4422AE-2DC8-46F3-8239-80A9FDF7220F}.Debug|Any CPU.ActiveCfg = Debug|Any CPU
		{EA4422AE-2DC8-46F3-8239-80A9FDF7220F}.Debug|Any CPU.Build.0 = Debug|Any CPU
		{EA4422AE-2DC8-46F3-8239-80A9FDF7220F}.Release|Any CPU.ActiveCfg = Release|Any CPU
		{EA4422AE-2DC8-46F3-8239-80A9FDF7220F}.Release|Any CPU.Build.0 = Release|Any CPU
	EndGlobalSection
EndGlobal
